{
    "version": 3,
    "terraform_version": "0.11.11",
    "serial": 8,
    "lineage": "c3b429a3-adca-5d98-7f92-f928bfec3eff",
    "modules": [
        {
            "path": [
                "root"
            ],
            "outputs": {},
            "resources": {
                "aws_instance.example": {
                    "type": "aws_instance",
                    "depends_on": [
                        "aws_security_group.bp-test-sg"
                    ],
                    "primary": {
                        "id": "i-0724b5ec4146fdf67",
                        "attributes": {
                            "ami": "ami-0c96d9489fa933423",
                            "arn": "arn:aws:ec2:us-east-1:600351098562:instance/i-0724b5ec4146fdf67",
                            "associate_public_ip_address": "true",
                            "availability_zone": "us-east-1a",
                            "cpu_core_count": "2",
                            "cpu_threads_per_core": "1",
                            "credit_specification.#": "1",
                            "credit_specification.0.cpu_credits": "standard",
                            "disable_api_termination": "false",
                            "ebs_block_device.#": "0",
                            "ebs_optimized": "false",
                            "ephemeral_block_device.#": "0",
                            "get_password_data": "false",
                            "iam_instance_profile": "",
                            "id": "i-0724b5ec4146fdf67",
                            "instance_state": "running",
                            "instance_type": "t2.medium",
                            "ipv6_addresses.#": "0",
                            "key_name": "ryan",
                            "monitoring": "false",
                            "network_interface.#": "0",
                            "network_interface_id": "eni-084d45f98a37d63ed",
                            "password_data": "",
                            "placement_group": "",
                            "primary_network_interface_id": "eni-084d45f98a37d63ed",
                            "private_dns": "ip-172-31-22-154.ec2.internal",
                            "private_ip": "172.31.22.154",
                            "public_dns": "ec2-54-92-145-142.compute-1.amazonaws.com",
                            "public_ip": "54.92.145.142",
                            "root_block_device.#": "1",
                            "root_block_device.0.delete_on_termination": "true",
                            "root_block_device.0.iops": "100",
                            "root_block_device.0.volume_id": "vol-0511d5a2d827885eb",
                            "root_block_device.0.volume_size": "30",
                            "root_block_device.0.volume_type": "gp2",
                            "security_groups.#": "1",
                            "security_groups.3760778946": "bp_test_sg",
                            "source_dest_check": "true",
                            "subnet_id": "subnet-e79914bc",
                            "tags.%": "0",
                            "tenancy": "default",
                            "volume_tags.%": "0",
                            "vpc_security_group_ids.#": "1",
                            "vpc_security_group_ids.188323177": "sg-00f25a2b5a8635bd9"
                        },
                        "meta": {
                            "e2bfb730-ecaa-11e6-8f88-34363bc7c4c0": {
                                "create": 600000000000,
                                "delete": 1200000000000,
                                "update": 600000000000
                            },
                            "schema_version": "1"
                        },
                        "tainted": false
                    },
                    "deposed": [],
                    "provider": "provider.aws"
                },
                "aws_security_group.bp-test-sg": {
                    "type": "aws_security_group",
                    "depends_on": [],
                    "primary": {
                        "id": "sg-00f25a2b5a8635bd9",
                        "attributes": {
                            "arn": "arn:aws:ec2:us-east-1:600351098562:security-group/sg-00f25a2b5a8635bd9",
                            "description": "Managed by Terraform",
                            "egress.#": "1",
                            "egress.482069346.cidr_blocks.#": "1",
                            "egress.482069346.cidr_blocks.0": "0.0.0.0/0",
                            "egress.482069346.description": "",
                            "egress.482069346.from_port": "0",
                            "egress.482069346.ipv6_cidr_blocks.#": "0",
                            "egress.482069346.prefix_list_ids.#": "0",
                            "egress.482069346.protocol": "-1",
                            "egress.482069346.security_groups.#": "0",
                            "egress.482069346.self": "false",
                            "egress.482069346.to_port": "0",
                            "id": "sg-00f25a2b5a8635bd9",
                            "ingress.#": "4",
                            "ingress.102013716.cidr_blocks.#": "1",
                            "ingress.102013716.cidr_blocks.0": "172.31.0.0/16",
                            "ingress.102013716.description": "",
                            "ingress.102013716.from_port": "8181",
                            "ingress.102013716.ipv6_cidr_blocks.#": "0",
                            "ingress.102013716.prefix_list_ids.#": "0",
                            "ingress.102013716.protocol": "tcp",
                            "ingress.102013716.security_groups.#": "0",
                            "ingress.102013716.self": "false",
                            "ingress.102013716.to_port": "8181",
                            "ingress.2223400681.cidr_blocks.#": "1",
                            "ingress.2223400681.cidr_blocks.0": "0.0.0.0/0",
                            "ingress.2223400681.description": "",
                            "ingress.2223400681.from_port": "3389",
                            "ingress.2223400681.ipv6_cidr_blocks.#": "0",
                            "ingress.2223400681.prefix_list_ids.#": "0",
                            "ingress.2223400681.protocol": "tcp",
                            "ingress.2223400681.security_groups.#": "0",
                            "ingress.2223400681.self": "false",
                            "ingress.2223400681.to_port": "3389",
                            "ingress.2516974951.cidr_blocks.#": "1",
                            "ingress.2516974951.cidr_blocks.0": "172.31.0.0/16",
                            "ingress.2516974951.description": "",
                            "ingress.2516974951.from_port": "80",
                            "ingress.2516974951.ipv6_cidr_blocks.#": "0",
                            "ingress.2516974951.prefix_list_ids.#": "0",
                            "ingress.2516974951.protocol": "tcp",
                            "ingress.2516974951.security_groups.#": "0",
                            "ingress.2516974951.self": "false",
                            "ingress.2516974951.to_port": "80",
                            "ingress.2541437006.cidr_blocks.#": "1",
                            "ingress.2541437006.cidr_blocks.0": "0.0.0.0/0",
                            "ingress.2541437006.description": "",
                            "ingress.2541437006.from_port": "22",
                            "ingress.2541437006.ipv6_cidr_blocks.#": "0",
                            "ingress.2541437006.prefix_list_ids.#": "0",
                            "ingress.2541437006.protocol": "tcp",
                            "ingress.2541437006.security_groups.#": "0",
                            "ingress.2541437006.self": "false",
                            "ingress.2541437006.to_port": "22",
                            "name": "bp_test_sg",
                            "owner_id": "600351098562",
                            "revoke_rules_on_delete": "false",
                            "tags.%": "0",
                            "vpc_id": "vpc-95d018f3"
                        },
                        "meta": {
                            "e2bfb730-ecaa-11e6-8f88-34363bc7c4c0": {
                                "create": 600000000000,
                                "delete": 600000000000
                            },
                            "schema_version": "1"
                        },
                        "tainted": false
                    },
                    "deposed": [],
                    "provider": "provider.aws"
                }
            },
            "depends_on": []
        }
    ]
}
